
Microsoft Visual Studio Solution File, Format Version 12.00
# Visual Studio Version 16
VisualStudioVersion = 16.0.30503.244
MinimumVisualStudioVersion = 10.0.40219.1
Project("{FAE04EC0-301F-11D3-BF4B-00C04F79EFBC}") = "YandexGeocoder", "YandexGeocoder\YandexGeocoder.csproj", "{B2C250CC-3CF1-464D-B16D-4392761C69FF}"
EndProject
Project("{2150E333-8FDC-42A3-9474-1A3956D46DE8}") = "Solution Items", "Solution Items", "{1BEABF22-33C0-4CEA-A5FC-F482F4B89D22}"
	ProjectSection(SolutionItems) = preProject
		.gitignore = .gitignore
		Readme.md = Readme.md
	EndProjectSection
EndProject
Project("{FAE04EC0-301F-11D3-BF4B-00C04F79EFBC}") = "YandexGeocoder.Tests", "YandexGeocoder.Tests\YandexGeocoder.Tests.csproj", "{F3DA7110-38D1-4069-9411-3E2BAC79EBDC}"
EndProject
Global
	GlobalSection(SolutionConfigurationPlatforms) = preSolution
		Debug|Any CPU = Debug|Any CPU
		Debug|ARM = Debug|ARM
		Debug|x64 = Debug|x64
		Debug|x86 = Debug|x86
		Release|Any CPU = Release|Any CPU
		Release|ARM = Release|ARM
		Release|x64 = Release|x64
		Release|x86 = Release|x86
	EndGlobalSection
	GlobalSection(ProjectConfigurationPlatforms) = postSolution
		{B2C250CC-3CF1-464D-B16D-4392761C69FF}.Debug|Any CPU.ActiveCfg = Debug|Any CPU
		{B2C250CC-3CF1-464D-B16D-4392761C69FF}.Debug|Any CPU.Build.0 = Debug|Any CPU
		{B2C250CC-3CF1-464D-B16D-4392761C69FF}.Debug|ARM.ActiveCfg = Debug|Any CPU
		{B2C250CC-3CF1-464D-B16D-4392761C69FF}.Debug|ARM.Build.0 = Debug|Any CPU
		{B2C250CC-3CF1-464D-B16D-4392761C69FF}.Debug|x64.ActiveCfg = Debug|Any CPU
		{B2C250CC-3CF1-464D-B16D-4392761C69FF}.Debug|x64.Build.0 = Debug|Any CPU
		{B2C250CC-3CF1-464D-B16D-4392761C69FF}.Debug|x86.ActiveCfg = Debug|Any CPU
		{B2C250CC-3CF1-464D-B16D-4392761C69FF}.Debug|x86.Build.0 = Debug|Any CPU
		{B2C250CC-3CF1-464D-B16D-4392761C69FF}.Release|Any CPU.ActiveCfg = Release|Any CPU
		{B2C250CC-3CF1-464D-B16D-4392761C69FF}.Release|Any CPU.Build.0 = Release|Any CPU
		{B2C250CC-3CF1-464D-B16D-4392761C69FF}.Release|ARM.ActiveCfg = Release|Any CPU
		{B2C250CC-3CF1-464D-B16D-4392761C69FF}.Release|ARM.Build.0 = Release|Any CPU
		{B2C250CC-3CF1-464D-B16D-4392761C69FF}.Release|x64.ActiveCfg = Release|Any CPU
		{B2C250CC-3CF1-464D-B16D-4392761C69FF}.Release|x64.Build.0 = Release|Any CPU
		{B2C250CC-3CF1-464D-B16D-4392761C69FF}.Release|x86.ActiveCfg = Release|Any CPU
		{B2C250CC-3CF1-464D-B16D-4392761C69FF}.Release|x86.Build.0 = Release|Any CPU
		{F3DA7110-38D1-4069-9411-3E2BAC79EBDC}.Debug|Any CPU.ActiveCfg = Debug|Any CPU
		{F3DA7110-38D1-4069-9411-3E2BAC79EBDC}.Debug|Any CPU.Build.0 = Debug|Any CPU
		{F3DA7110-38D1-4069-9411-3E2BAC79EBDC}.Debug|ARM.ActiveCfg = Debug|Any CPU
		{F3DA7110-38D1-4069-9411-3E2BAC79EBDC}.Debug|ARM.Build.0 = Debug|Any CPU
		{F3DA7110-38D1-4069-9411-3E2BAC79EBDC}.Debug|x64.ActiveCfg = Debug|Any CPU
		{F3DA7110-38D1-4069-9411-3E2BAC79EBDC}.Debug|x64.Build.0 = Debug|Any CPU
		{F3DA7110-38D1-4069-9411-3E2BAC79EBDC}.Debug|x86.ActiveCfg = Debug|Any CPU
		{F3DA7110-38D1-4069-9411-3E2BAC79EBDC}.Debug|x86.Build.0 = Debug|Any CPU
		{F3DA7110-38D1-4069-9411-3E2BAC79EBDC}.Release|Any CPU.ActiveCfg = Release|Any CPU
		{F3DA7110-38D1-4069-9411-3E2BAC79EBDC}.Release|Any CPU.Build.0 = Release|Any CPU
		{F3DA7110-38D1-4069-9411-3E2BAC79EBDC}.Release|ARM.ActiveCfg = Release|Any CPU
		{F3DA7110-38D1-4069-9411-3E2BAC79EBDC}.Release|ARM.Build.0 = Release|Any CPU
		{F3DA7110-38D1-4069-9411-3E2BAC79EBDC}.Release|x64.ActiveCfg = Release|Any CPU
		{F3DA7110-38D1-4069-9411-3E2BAC79EBDC}.Release|x64.Build.0 = Release|Any CPU
		{F3DA7110-38D1-4069-9411-3E2BAC79EBDC}.Release|x86.ActiveCfg = Release|Any CPU
		{F3DA7110-38D1-4069-9411-3E2BAC79EBDC}.Release|x86.Build.0 = Release|Any CPU
	EndGlobalSection
	GlobalSection(SolutionProperties) = preSolution
		HideSolutionNode = FALSE
	EndGlobalSection
	GlobalSection(ExtensibilityGlobals) = postSolution
		SolutionGuid = {7633DFCC-3091-48F9-9E1D-5C7693BF0BC6}
	EndGlobalSection
EndGlobal
